// !$*UTF8*$!
{
	archiveVersion = 1;
	classes = {
	};
	objectVersion = 46;
	objects = {

/* Begin PBXBuildFile section */
		B52E30B31A1388E700114B5C /* main.m in Sources */ = {isa = PBXBuildFile; fileRef = B52E30B21A1388E700114B5C /* main.m */; };
		B52E30B61A1388E700114B5C /* AppDelegate.m in Sources */ = {isa = PBXBuildFile; fileRef = B52E30B51A1388E700114B5C /* AppDelegate.m */; };
		B52E30B91A1388E700114B5C /* ViewController.m in Sources */ = {isa = PBXBuildFile; fileRef = B52E30B81A1388E700114B5C /* ViewController.m */; };
		B52E30BC1A1388E700114B5C /* Main.storyboard in Resources */ = {isa = PBXBuildFile; fileRef = B52E30BA1A1388E700114B5C /* Main.storyboard */; };
		B52E30BE1A1388E700114B5C /* Images.xcassets in Resources */ = {isa = PBXBuildFile; fileRef = B52E30BD1A1388E700114B5C /* Images.xcassets */; };
		B52E30C11A1388E700114B5C /* LaunchScreen.xib in Resources */ = {isa = PBXBuildFile; fileRef = B52E30BF1A1388E700114B5C /* LaunchScreen.xib */; };
		B52E30CD1A1388E700114B5C /* PkrTests.m in Sources */ = {isa = PBXBuildFile; fileRef = B52E30CC1A1388E700114B5C /* PkrTests.m */; };
/* End PBXBuildFile section */

/* Begin PBXContainerItemProxy section */
		B52E30C71A1388E700114B5C /* PBXContainerItemProxy */ = {
			isa = PBXContainerItemProxy;
			containerPortal = B52E30A51A1388E700114B5C /* Project object */;
			proxyType = 1;
			remoteGlobalIDString = B52E30AC1A1388E700114B5C;
			remoteInfo = Pkr;
		};
/* End PBXContainerItemProxy section */

/* Begin PBXFileReference section */
		B52E30AD1A1388E700114B5C /* Pkr.app */ = {isa = PBXFileReference; explicitFileType = wrapper.application; includeInIndex = 0; path = Pkr.app; sourceTree = BUILT_PRODUCTS_DIR; };
		B52E30B11A1388E700114B5C /* Info.plist */ = {isa = PBXFileReference; lastKnownFileType = text.plist.xml; path = Info.plist; sourceTree = "<group>"; };
		B52E30B21A1388E700114B5C /* main.m */ = {isa = PBXFileReference; lastKnownFileType = sourcecode.c.objc; path = main.m; sourceTree = "<group>"; };
		B52E30B41A1388E700114B5C /* AppDelegate.h */ = {isa = PBXFileReference; lastKnownFileType = sourcecode.c.h; path = AppDelegate.h; sourceTree = "<group>"; };
		B52E30B51A1388E700114B5C /* AppDelegate.m */ = {isa = PBXFileReference; lastKnownFileType = sourcecode.c.objc; path = AppDelegate.m; sourceTree = "<group>"; };
		B52E30B71A1388E700114B5C /* ViewController.h */ = {isa = PBXFileReference; lastKnownFileType = sourcecode.c.h; path = ViewController.h; sourceTree = "<group>"; };
		B52E30B81A1388E700114B5C /* ViewController.m */ = {isa = PBXFileReference; lastKnownFileType = sourcecode.c.objc; path = ViewController.m; sourceTree = "<group>"; };
		B52E30BB1A1388E700114B5C /* Base */ = {isa = PBXFileReference; lastKnownFileType = file.storyboard; name = Base; path = Base.lproj/Main.storyboard; sourceTree = "<group>"; };
		B52E30BD1A1388E700114B5C /* Images.xcassets */ = {isa = PBXFileReference; lastKnownFileType = folder.assetcatalog; path = Images.xcassets; sourceTree = "<group>"; };
		B52E30C01A1388E700114B5C /* Base */ = {isa = PBXFileReference; lastKnownFileType = file.xib; name = Base; path = Base.lproj/LaunchScreen.xib; sourceTree = "<group>"; };
		B52E30C61A1388E700114B5C /* PkrTests.xctest */ = {isa = PBXFileReference; explicitFileType = wrapper.cfbundle; includeInIndex = 0; path = PkrTests.xctest; sourceTree = BUILT_PRODUCTS_DIR; };
		B52E30CB1A1388E700114B5C /* Info.plist */ = {isa = PBXFileReference; lastKnownFileType = text.plist.xml; path = Info.plist; sourceTree = "<group>"; };
		B52E30CC1A1388E700114B5C /* PkrTests.m */ = {isa = PBXFileReference; lastKnownFileType = sourcecode.c.objc; path = PkrTests.m; sourceTree = "<group>"; };
/* End PBXFileReference section */

/* Begin PBXFrameworksBuildPhase section */
		B52E30AA1A1388E700114B5C /* Frameworks */ = {
			isa = PBXFrameworksBuildPhase;
			buildActionMask = 2147483647;
			files = (
			);
			runOnlyForDeploymentPostprocessing = 0;
		};
		B52E30C31A1388E700114B5C /* Frameworks */ = {
			isa = PBXFrameworksBuildPhase;
			buildActionMask = 2147483647;
			files = (
			);
			runOnlyForDeploymentPostprocessing = 0;
		};
/* End PBXFrameworksBuildPhase section */

/* Begin PBXGroup section */
		B52E30A41A1388E700114B5C = {
			isa = PBXGroup;
			children = (
				B52E30AF1A1388E700114B5C /* Pkr */,
				B52E30C91A1388E700114B5C /* PkrTests */,
				B52E30AE1A1388E700114B5C /* Products */,
			);
			sourceTree = "<group>";
		};
		B52E30AE1A1388E700114B5C /* Products */ = {
			isa = PBXGroup;
			children = (
				B52E30AD1A1388E700114B5C /* Pkr.app */,
				B52E30C61A1388E700114B5C /* PkrTests.xctest */,
			);
			name = Products;
			sourceTree = "<group>";
		};
		B52E30AF1A1388E700114B5C /* Pkr */ = {
			isa = PBXGroup;
			children = (
				B52E30B41A1388E700114B5C /* AppDelegate.h */,
				B52E30B51A1388E700114B5C /* AppDelegate.m */,
				B52E30B71A1388E700114B5C /* ViewController.h */,
				B52E30B81A1388E700114B5C /* ViewController.m */,
				B52E30BA1A1388E700114B5C /* Main.storyboard */,
				B52E30BD1A1388E700114B5C /* Images.xcassets */,
				B52E30BF1A1388E700114B5C /* LaunchScreen.xib */,
				B52E30B01A1388E700114B5C /* Supporting Files */,
			);
			path = Pkr;
			sourceTree = "<group>";
		};
		B52E30B01A1388E700114B5C /* Supporting Files */ = {
			isa = PBXGroup;
			children = (
				B52E30B11A1388E700114B5C /* Info.plist */,
				B52E30B21A1388E700114B5C /* main.m */,
			);
			name = "Supporting Files";
			sourceTree = "<group>";
		};
		B52E30C91A1388E700114B5C /* PkrTests */ = {
			isa = PBXGroup;
			children = (
				B52E30CC1A1388E700114B5C /* PkrTests.m */,
				B52E30CA1A1388E700114B5C /* Supporting Files */,
			);
			path = PkrTests;
			sourceTree = "<group>";
		};
		B52E30CA1A1388E700114B5C /* Supporting Files */ = {
			isa = PBXGroup;
			children = (
				B52E30CB1A1388E700114B5C /* Info.plist */,
			);
			name = "Supporting Files";
			sourceTree = "<group>";
		};
/* End PBXGroup section */

/* Begin PBXNativeTarget section */
		B52E30AC1A1388E700114B5C /* Pkr */ = {
			isa = PBXNativeTarget;
			buildConfigurationList = B52E30D01A1388E700114B5C /* Build configuration list for PBXNativeTarget "Pkr" */;
			buildPhases = (
				B52E30A91A1388E700114B5C /* Sources */,
				B52E30AA1A1388E700114B5C /* Frameworks */,
				B52E30AB1A1388E700114B5C /* Resources */,
			);
			buildRules = (
			);
			dependencies = (
			);
			name = Pkr;
			productName = Pkr;
			productReference = B52E30AD1A1388E700114B5C /* Pkr.app */;
			productType = "com.apple.product-type.application";
		};
		B52E30C51A1388E700114B5C /* PkrTests */ = {
			isa = PBXNativeTarget;
			buildConfigurationList = B52E30D31A1388E700114B5C /* Build configuration list for PBXNativeTarget "PkrTests" */;
			buildPhases = (
				B52E30C21A1388E700114B5C /* Sources */,
				B52E30C31A1388E700114B5C /* Frameworks */,
				B52E30C41A1388E700114B5C /* Resources */,
			);
			buildRules = (
			);
			dependencies = (
				B52E30C81A1388E700114B5C /* PBXTargetDependency */,
			);
			name = PkrTests;
			productName = PkrTests;
			productReference = B52E30C61A1388E700114B5C /* PkrTests.xctest */;
			productType = "com.apple.product-type.bundle.unit-test";
		};
/* End PBXNativeTarget section */

/* Begin PBXProject section */
		B52E30A51A1388E700114B5C /* Project object */ = {
			isa = PBXProject;
			attributes = {
				LastUpgradeCheck = 0610;
				ORGANIZATIONNAME = "Olive Tech";
				TargetAttributes = {
					B52E30AC1A1388E700114B5C = {
						CreatedOnToolsVersion = 6.1;
					};
					B52E30C51A1388E700114B5C = {
						CreatedOnToolsVersion = 6.1;
						TestTargetID = B52E30AC1A1388E700114B5C;
					};
				};
			};
			buildConfigurationList = B52E30A81A1388E700114B5C /* Build configuration list for PBXProject "Pkr" */;
			compatibilityVersion = "Xcode 3.2";
			developmentRegion = English;
			hasScannedForEncodings = 0;
			knownRegions = (
				en,
				Base,
			);
			mainGroup = B52E30A41A1388E700114B5C;
			productRefGroup = B52E30AE1A1388E700114B5C /* Products */;
			projectDirPath = "";
			projectRoot = "";
			targets = (
				B52E30AC1A1388E700114B5C /* Pkr */,
				B52E30C51A1388E700114B5C /* PkrTests */,
			);
		};
/* End PBXProject section */

/* Begin PBXResourcesBuildPhase section */
		B52E30AB1A1388E700114B5C /* Resources */ = {
			isa = PBXResourcesBuildPhase;
			buildActionMask = 2147483647;
			files = (
				B52E30BC1A1388E700114B5C /* Main.storyboard in Resources */,
				B52E30C11A1388E700114B5C /* LaunchScreen.xib in Resources */,
				B52E30BE1A1388E700114B5C /* Images.xcassets in Resources */,
			);
			runOnlyForDeploymentPostprocessing = 0;
		};
		B52E30C41A1388E700114B5C /* Resources */ = {
			isa = PBXResourcesBuildPhase;
			buildActionMask = 2147483647;
			files = (
			);
			runOnlyForDeploymentPostprocessing = 0;
		};
/* End PBXResourcesBuildPhase section */

/* Begin PBXSourcesBuildPhase section */
		B52E30A91A1388E700114B5C /* Sources */ = {
			isa = PBXSourcesBuildPhase;
			buildActionMask = 2147483647;
			files = (
				B52E30B91A1388E700114B5C /* ViewController.m in Sources */,
				B52E30B61A1388E700114B5C /* AppDelegate.m in Sources */,
				B52E30B31A1388E700114B5C /* main.m in Sources */,
			);
			runOnlyForDeploymentPostprocessing = 0;
		};
		B52E30C21A1388E700114B5C /* Sources */ = {
			isa = PBXSourcesBuildPhase;
			buildActionMask = 2147483647;
			files = (
				B52E30CD1A1388E700114B5C /* PkrTests.m in Sources */,
			);
			runOnlyForDeploymentPostprocessing = 0;
		};
/* End PBXSourcesBuildPhase section */

/* Begin PBXTargetDependency section */
		B52E30C81A1388E700114B5C /* PBXTargetDependency */ = {
			isa = PBXTargetDependency;
			target = B52E30AC1A1388E700114B5C /* Pkr */;
			targetProxy = B52E30C71A1388E700114B5C /* PBXContainerItemProxy */;
		};
/* End PBXTargetDependency section */

/* Begin PBXVariantGroup section */
		B52E30BA1A1388E700114B5C /* Main.storyboard */ = {
			isa = PBXVariantGroup;
			children = (
				B52E30BB1A1388E700114B5C /* Base */,
			);
			name = Main.storyboard;
			sourceTree = "<group>";
		};
		B52E30BF1A1388E700114B5C /* LaunchScreen.xib */ = {
			isa = PBXVariantGroup;
			children = (
				B52E30C01A1388E700114B5C /* Base */,
			);
			name = LaunchScreen.xib;
			sourceTree = "<group>";
		};
/* End PBXVariantGroup section */

/* Begin XCBuildConfiguration section */
		B52E30CE1A1388E700114B5C /* Debug */ = {
			isa = XCBuildConfiguration;
			buildSettings = {
				ALWAYS_SEARCH_USER_PATHS = NO;
				CLANG_CXX_LANGUAGE_STANDARD = "gnu++0x";
				CLANG_CXX_LIBRARY = "libc++";
				CLANG_ENABLE_MODULES = YES;
				CLANG_ENABLE_OBJC_ARC = YES;
				CLANG_WARN_BOOL_CONVERSION = YES;
				CLANG_WARN_CONSTANT_CONVERSION = YES;
				CLANG_WARN_DIRECT_OBJC_ISA_USAGE = YES_ERROR;
				CLANG_WARN_EMPTY_BODY = YES;
				CLANG_WARN_ENUM_CONVERSION = YES;
				CLANG_WARN_INT_CONVERSION = YES;
				CLANG_WARN_OBJC_ROOT_CLASS = YES_ERROR;
				CLANG_WARN_UNREACHABLE_CODE = YES;
				CLANG_WARN__DUPLICATE_METHOD_MATCH = YES;
				"CODE_SIGN_IDENTITY[sdk=iphoneos*]" = "iPhone Developer";
				COPY_PHASE_STRIP = NO;
				ENABLE_STRICT_OBJC_MSGSEND = YES;
				GCC_C_LANGUAGE_STANDARD = gnu99;
				GCC_DYNAMIC_NO_PIC = NO;
				GCC_OPTIMIZATION_LEVEL = 0;
				GCC_PREPROCESSOR_DEFINITIONS = (
					"DEBUG=1",
					"$(inherited)",
				);
				GCC_SYMBOLS_PRIVATE_EXTERN = NO;
				GCC_WARN_64_TO_32_BIT_CONVERSION = YES;
				GCC_WARN_ABOUT_RETURN_TYPE = YES_ERROR;
				GCC_WARN_UNDECLARED_SELECTOR = YES;
				GCC_WARN_UNINITIALIZED_AUTOS = YES_AGGRESSIVE;
				GCC_WARN_UNUSED_FUNCTION = YES;
				GCC_WARN_UNUSED_VARIABLE = YES;
				IPHONEOS_DEPLOYMENT_TARGET = 8.1;
				MTL_ENABLE_DEBUG_INFO = YES;
				ONLY_ACTIVE_ARCH = YES;
				SDKROOT = iphoneos;
			};
			name = Debug;
		};
		B52E30CF1A1388E700114B5C /* Release */ = {
			isa = XCBuildConfiguration;
			buildSettings = {
				ALWAYS_SEARCH_USER_PATHS = NO;
				CLANG_CXX_LANGUAGE_STANDARD = "gnu++0x";
				CLANG_CXX_LIBRARY = "libc++";
				CLANG_ENABLE_MODULES = YES;
				CLANG_ENABLE_OBJC_ARC = YES;
				CLANG_WARN_BOOL_CONVERSION = YES;
				CLANG_WARN_CONSTANT_CONVERSION = YES;
				CLANG_WARN_DIRECT_OBJC_ISA_USAGE = YES_ERROR;
				CLANG_WARN_EMPTY_BODY = YES;
				CLANG_WARN_ENUM_CONVERSION = YES;
				CLANG_WARN_INT_CONVERSION = YES;
				CLANG_WARN_OBJC_ROOT_CLASS = YES_ERROR;
				CLANG_WARN_UNREACHABLE_CODE = YES;
				CLANG_WARN__DUPLICATE_METHOD_MATCH = YES;
				"CODE_SIGN_IDENTITY[sdk=iphoneos*]" = "iPhone Developer";
				COPY_PHASE_STRIP = YES;
				ENABLE_NS_ASSERTIONS = NO;
				ENABLE_STRICT_OBJC_MSGSEND = YES;
				GCC_C_LANGUAGE_STANDARD = gnu99;
				GCC_WARN_64_TO_32_BIT_CONVERSION = YES;
				GCC_WARN_ABOUT_RETURN_TYPE = YES_ERROR;
				GCC_WARN_UNDECLARED_SELECTOR = YES;
				GCC_WARN_UNINITIALIZED_AUTOS = YES_AGGRESSIVE;
				GCC_WARN_UNUSED_FUNCTION = YES;
				GCC_WARN_UNUSED_VARIABLE = YES;
				IPHONEOS_DEPLOYMENT_TARGET = 8.1;
				MTL_ENABLE_DEBUG_INFO = NO;
				SDKROOT = iphoneos;
				VALIDATE_PRODUCT = YES;
			};
			name = Release;
		};
		B52E30D11A1388E700114B5C /* Debug */ = {
			isa = XCBuildConfiguration;
			buildSettings = {
				ASSETCATALOG_COMPILER_APPICON_NAME = AppIcon;
				INFOPLIST_FILE = Pkr/Info.plist;
				LD_RUNPATH_SEARCH_PATHS = "$(inherited) @executable_path/Frameworks";
				PRODUCT_NAME = "$(TARGET_NAME)";
			};
			name = Debug;
		};
		B52E30D21A1388E700114B5C /* Release */ = {
			isa = XCBuildConfiguration;
			buildSettings = {
				ASSETCATALOG_COMPILER_APPICON_NAME = AppIcon;
				INFOPLIST_FILE = Pkr/Info.plist;
				LD_RUNPATH_SEARCH_PATHS = "$(inherited) @executable_path/Frameworks";
				PRODUCT_NAME = "$(TARGET_NAME)";
			};
			name = Release;
		};
		B52E30D41A1388E700114B5C /* Debug */ = {
			isa = XCBuildConfiguration;
			buildSettings = {
				BUNDLE_LOADER = "$(TEST_HOST)";
				FRAMEWORK_SEARCH_PATHS = (
					"$(SDKROOT)/Developer/Library/Frameworks",
					"$(inherited)",
				);
				GCC_PREPROCESSOR_DEFINITIONS = (
					"DEBUG=1",
					"$(inherited)",
				);
				INFOPLIST_FILE = PkrTests/Info.plist;
				LD_RUNPATH_SEARCH_PATHS = "$(inherited) @executable_path/Frameworks @loader_path/Frameworks";
				PRODUCT_NAME = "$(TARGET_NAME)";
				TEST_HOST = "$(BUILT_PRODUCTS_DIR)/Pkr.app/Pkr";
			};
			name = Debug;
		};
		B52E30D51A1388E700114B5C /* Release */ = {
			isa = XCBuildConfiguration;
			buildSettings = {
				BUNDLE_LOADER = "$(TEST_HOST)";
				FRAMEWORK_SEARCH_PATHS = (
					"$(SDKROOT)/Developer/Library/Frameworks",
					"$(inherited)",
				);
				INFOPLIST_FILE = PkrTests/Info.plist;
				LD_RUNPATH_SEARCH_PATHS = "$(inherited) @executable_path/Frameworks @loader_path/Frameworks";
				PRODUCT_NAME = "$(TARGET_NAME)";
				TEST_HOST = "$(BUILT_PRODUCTS_DIR)/Pkr.app/Pkr";
			};
			name = Release;
		};
/* End XCBuildConfiguration section */

/* Begin XCConfigurationList section */
		B52E30A81A1388E700114B5C /* Build configuration list for PBXProject "Pkr" */ = {
			isa = XCConfigurationList;
			buildConfigurations = (
				B52E30CE1A1388E700114B5C /* Debug */,
				B52E30CF1A1388E700114B5C /* Release */,
			);
			defaultConfigurationIsVisible = 0;
			defaultConfigurationName = Release;
		};
		B52E30D01A1388E700114B5C /* Build configuration list for PBXNativeTarget "Pkr" */ = {
			isa = XCConfigurationList;
			buildConfigurations = (
				B52E30D11A1388E700114B5C /* Debug */,
				B52E30D21A1388E700114B5C /* Release */,
			);
			defaultConfigurationIsVisible = 0;
		};
		B52E30D31A1388E700114B5C /* Build configuration list for PBXNativeTarget "PkrTests" */ = {
			isa = XCConfigurationList;
			buildConfigurations = (
				B52E30D41A1388E700114B5C /* Debug */,
				B52E30D51A1388E700114B5C /* Release */,
			);
			defaultConfigurationIsVisible = 0;
		};
/* End XCConfigurationList section */
	};
	rootObject = B52E30A51A1388E700114B5C /* Project object */;
}
